
Microsoft Visual Studio Solution File, Format Version 12.00
# Visual Studio Version 17
VisualStudioVersion = 17.7.34009.444
MinimumVisualStudioVersion = 10.0.40219.1
Project("{FAE04EC0-301F-11D3-BF4B-00C04F79EFBC}") = "SecondTask", "SecondTask\SecondTask.csproj", "{BDB1E230-63D4-442F-B87D-4B1BD250ACF6}"
EndProject
Global
	GlobalSection(SolutionConfigurationPlatforms) = preSolution
		Debug|Any CPU = Debug|Any CPU
		Release|Any CPU = Release|Any CPU
	EndGlobalSection
	GlobalSection(ProjectConfigurationPlatforms) = postSolution
		{BDB1E230-63D4-442F-B87D-4B1BD250ACF6}.Debug|Any CPU.ActiveCfg = Debug|Any CPU
		{BDB1E230-63D4-442F-B87D-4B1BD250ACF6}.Debug|Any CPU.Build.0 = Debug|Any CPU
		{BDB1E230-63D4-442F-B87D-4B1BD250ACF6}.Release|Any CPU.ActiveCfg = Release|Any CPU
		{BDB1E230-63D4-442F-B87D-4B1BD250ACF6}.Release|Any CPU.Build.0 = Release|Any CPU
	EndGlobalSection
	GlobalSection(SolutionProperties) = preSolution
		HideSolutionNode = FALSE
	EndGlobalSection
	GlobalSection(ExtensibilityGlobals) = postSolution
		SolutionGuid = {F2F85538-0906-400F-9332-94D0DAD9EED7}
	EndGlobalSection
EndGlobal
